
Microsoft Visual Studio Solution File, Format Version 12.00
# Visual Studio 15
VisualStudioVersion = 15.0.28307.168
MinimumVisualStudioVersion = 10.0.40219.1
Project("{FAE04EC0-301F-11D3-BF4B-00C04F79EFBC}") = "CSD3354-1-WEEK05", "CSD3354-1-WEEK05\CSD3354-1-WEEK05.csproj", "{1EDBCA18-4C65-4D09-B846-2E062A18AF5B}"
EndProject
Global
	GlobalSection(SolutionConfigurationPlatforms) = preSolution
		Debug|Any CPU = Debug|Any CPU
		Release|Any CPU = Release|Any CPU
	EndGlobalSection
	GlobalSection(ProjectConfigurationPlatforms) = postSolution
		{1EDBCA18-4C65-4D09-B846-2E062A18AF5B}.Debug|Any CPU.ActiveCfg = Debug|Any CPU
		{1EDBCA18-4C65-4D09-B846-2E062A18AF5B}.Debug|Any CPU.Build.0 = Debug|Any CPU
		{1EDBCA18-4C65-4D09-B846-2E062A18AF5B}.Release|Any CPU.ActiveCfg = Release|Any CPU
		{1EDBCA18-4C65-4D09-B846-2E062A18AF5B}.Release|Any CPU.Build.0 = Release|Any CPU
	EndGlobalSection
	GlobalSection(SolutionProperties) = preSolution
		HideSolutionNode = FALSE
	EndGlobalSection
	GlobalSection(ExtensibilityGlobals) = postSolution
		SolutionGuid = {58E1DE31-B095-48F2-AFE4-77FCB588CD73}
	EndGlobalSection
EndGlobal
